{
  "name": "graphql-timezone",
  "version": "1.0.5",
  "lockfileVersion": 1,
  "requires": true,
  "dependencies": {
    "@types/graphql": {
      "version": "14.5.0",
      "resolved": "https://registry.npmjs.org/@types/graphql/-/graphql-14.5.0.tgz",
      "integrity": "sha512-MOkzsEp1Jk5bXuAsHsUi6BVv0zCO+7/2PTiZMXWDSsMXvNU6w/PLMQT2vHn8hy2i0JqojPz1Sz6rsFjHtsU0lA==",
      "requires": {
        "graphql": "*"
      }
    },
    "@types/moment-timezone": {
      "version": "0.5.30",
      "resolved": "https://registry.npmjs.org/@types/moment-timezone/-/moment-timezone-0.5.30.tgz",
      "integrity": "sha512-aDVfCsjYnAQaV/E9Qc24C5Njx1CoDjXsEgkxtp9NyXDpYu4CCbmclb6QhWloS9UTU/8YROUEEdEkWI0D7DxnKg==",
      "requires": {
        "moment-timezone": "*"
      }
    },
    "@types/node": {
      "version": "14.6.4",
      "resolved": "https://registry.npmjs.org/@types/node/-/node-14.6.4.tgz",
      "integrity": "sha512-Wk7nG1JSaMfMpoMJDKUsWYugliB2Vy55pdjLpmLixeyMi7HizW2I/9QoxsPCkXl3dO+ZOVqPumKaDUv5zJu2uQ=="
    },
    "graphql": {
      "version": "15.3.0",
      "resolved": "https://registry.npmjs.org/graphql/-/graphql-15.3.0.tgz",
      "integrity": "sha512-GTCJtzJmkFLWRfFJuoo9RWWa/FfamUHgiFosxi/X1Ani4AVWbeyBenZTNX6dM+7WSbbFfTo/25eh0LLkwHMw2w=="
    },
    "moment": {
      "version": "2.27.0",
      "resolved": "https://registry.npmjs.org/moment/-/moment-2.27.0.tgz",
      "integrity": "sha512-al0MUK7cpIcglMv3YF13qSgdAIqxHTO7brRtaz3DlSULbqfazqkc5kEjNrLDOM7fsjshoFIihnU8snrP7zUvhQ=="
    },
    "moment-timezone": {
      "version": "0.5.31",
      "resolved": "https://registry.npmjs.org/moment-timezone/-/moment-timezone-0.5.31.tgz",
      "integrity": "sha512-+GgHNg8xRhMXfEbv81iDtrVeTcWt0kWmTEY1XQK14dICTXnWJnT0dxdlPspwqF3keKMVPXwayEsk1DI0AA/jdA==",
      "requires": {
        "moment": ">= 2.9.0"
      }
    },
    "tsdef": {
      "version": "0.0.14",
      "resolved": "https://registry.npmjs.org/tsdef/-/tsdef-0.0.14.tgz",
      "integrity": "sha512-UjMD4XKRWWFlFBfwKVQmGFT5YzW/ZaF8x6KpCDf92u9wgKeha/go3FU0e5WqDjXsCOdfiavCkfwfVHNDxRDGMA=="
    }
  }
}
